# This file was generated by maven goal 'org.graalvm.python:graalpy-maven-plugin:lock-packages'.
# 
# WARNING: Any manual changes are done at your own risk and will be overwritten when the goal is executed.
# 
# This file is meant to be tracked in a version control system.
# 
# This file contains a list of all required Python packages with their specific versions,
# based on the packages defined in the plugin configuration and their dependencies.
# graalpy-version: 25.0.1
# input-packages: awesomeversion==25.8.0,Jinja2==3.1.6,python-slugify==8.0.4
awesomeversion==25.8.0
Jinja2==3.1.6
MarkupSafe==3.0.3
python-slugify==8.0.4
text-unidecode==1.3
